// !$*UTF8*$!
{
	archiveVersion = 1;
	classes = {
	};
	objectVersion = 56;
	objects = {

/* Begin PBXBuildFile section */
		5AD061912B46F7430080421C /* iOS_App_1_2App.swift in Sources */ = {isa = PBXBuildFile; fileRef = 5AD061902B46F7430080421C /* iOS_App_1_2App.swift */; };
		5AD061932B46F7430080421C /* ContentView.swift in Sources */ = {isa = PBXBuildFile; fileRef = 5AD061922B46F7430080421C /* ContentView.swift */; };
		5AD061952B46F7440080421C /* Assets.xcassets in Resources */ = {isa = PBXBuildFile; fileRef = 5AD061942B46F7440080421C /* Assets.xcassets */; };
		5AD061982B46F7440080421C /* Preview Assets.xcassets in Resources */ = {isa = PBXBuildFile; fileRef = 5AD061972B46F7440080421C /* Preview Assets.xcassets */; };
		5AD061A22B46F7440080421C /* iOS_App_1_2Tests.swift in Sources */ = {isa = PBXBuildFile; fileRef = 5AD061A12B46F7440080421C /* iOS_App_1_2Tests.swift */; };
		5AD061AC2B46F7440080421C /* iOS_App_1_2UITests.swift in Sources */ = {isa = PBXBuildFile; fileRef = 5AD061AB2B46F7440080421C /* iOS_App_1_2UITests.swift */; };
		5AD061AE2B46F7440080421C /* iOS_App_1_2UITestsLaunchTests.swift in Sources */ = {isa = PBXBuildFile; fileRef = 5AD061AD2B46F7440080421C /* iOS_App_1_2UITestsLaunchTests.swift */; };
/* End PBXBuildFile section */

/* Begin PBXContainerItemProxy section */
		5AD0619E2B46F7440080421C /* PBXContainerItemProxy */ = {
			isa = PBXContainerItemProxy;
			containerPortal = 5AD061852B46F7430080421C /* Project object */;
			proxyType = 1;
			remoteGlobalIDString = 5AD0618C2B46F7430080421C;
			remoteInfo = "iOS-App-1-2";
		};
		5AD061A82B46F7440080421C /* PBXContainerItemProxy */ = {
			isa = PBXContainerItemProxy;
			containerPortal = 5AD061852B46F7430080421C /* Project object */;
			proxyType = 1;
			remoteGlobalIDString = 5AD0618C2B46F7430080421C;
			remoteInfo = "iOS-App-1-2";
		};
/* End PBXContainerItemProxy section */

/* Begin PBXFileReference section */
		5AD0618D2B46F7430080421C /* iOS-App-1-2.app */ = {isa = PBXFileReference; explicitFileType = wrapper.application; includeInIndex = 0; path = "iOS-App-1-2.app"; sourceTree = BUILT_PRODUCTS_DIR; };
		5AD061902B46F7430080421C /* iOS_App_1_2App.swift */ = {isa = PBXFileReference; lastKnownFileType = sourcecode.swift; path = iOS_App_1_2App.swift; sourceTree = "<group>"; };
		5AD061922B46F7430080421C /* ContentView.swift */ = {isa = PBXFileReference; lastKnownFileType = sourcecode.swift; path = ContentView.swift; sourceTree = "<group>"; };
		5AD061942B46F7440080421C /* Assets.xcassets */ = {isa = PBXFileReference; lastKnownFileType = folder.assetcatalog; path = Assets.xcassets; sourceTree = "<group>"; };
		5AD061972B46F7440080421C /* Preview Assets.xcassets */ = {isa = PBXFileReference; lastKnownFileType = folder.assetcatalog; path = "Preview Assets.xcassets"; sourceTree = "<group>"; };
		5AD0619D2B46F7440080421C /* iOS-App-1-2Tests.xctest */ = {isa = PBXFileReference; explicitFileType = wrapper.cfbundle; includeInIndex = 0; path = "iOS-App-1-2Tests.xctest"; sourceTree = BUILT_PRODUCTS_DIR; };
		5AD061A12B46F7440080421C /* iOS_App_1_2Tests.swift */ = {isa = PBXFileReference; lastKnownFileType = sourcecode.swift; path = iOS_App_1_2Tests.swift; sourceTree = "<group>"; };
		5AD061A72B46F7440080421C /* iOS-App-1-2UITests.xctest */ = {isa = PBXFileReference; explicitFileType = wrapper.cfbundle; includeInIndex = 0; path = "iOS-App-1-2UITests.xctest"; sourceTree = BUILT_PRODUCTS_DIR; };
		5AD061AB2B46F7440080421C /* iOS_App_1_2UITests.swift */ = {isa = PBXFileReference; lastKnownFileType = sourcecode.swift; path = iOS_App_1_2UITests.swift; sourceTree = "<group>"; };
		5AD061AD2B46F7440080421C /* iOS_App_1_2UITestsLaunchTests.swift */ = {isa = PBXFileReference; lastKnownFileType = sourcecode.swift; path = iOS_App_1_2UITestsLaunchTests.swift; sourceTree = "<group>"; };
/* End PBXFileReference section */

/* Begin PBXFrameworksBuildPhase section */
		5AD0618A2B46F7430080421C /* Frameworks */ = {
			isa = PBXFrameworksBuildPhase;
			buildActionMask = 2147483647;
			files = (
			);
			runOnlyForDeploymentPostprocessing = 0;
		};
		5AD0619A2B46F7440080421C /* Frameworks */ = {
			isa = PBXFrameworksBuildPhase;
			buildActionMask = 2147483647;
			files = (
			);
			runOnlyForDeploymentPostprocessing = 0;
		};
		5AD061A42B46F7440080421C /* Frameworks */ = {
			isa = PBXFrameworksBuildPhase;
			buildActionMask = 2147483647;
			files = (
			);
			runOnlyForDeploymentPostprocessing = 0;
		};
/* End PBXFrameworksBuildPhase section */

/* Begin PBXGroup section */
		5AD061842B46F7430080421C = {
			isa = PBXGroup;
			children = (
				5AD0618F2B46F7430080421C /* iOS-App-1-2 */,
				5AD061A02B46F7440080421C /* iOS-App-1-2Tests */,
				5AD061AA2B46F7440080421C /* iOS-App-1-2UITests */,
				5AD0618E2B46F7430080421C /* Products */,
			);
			sourceTree = "<group>";
		};
		5AD0618E2B46F7430080421C /* Products */ = {
			isa = PBXGroup;
			children = (
				5AD0618D2B46F7430080421C /* iOS-App-1-2.app */,
				5AD0619D2B46F7440080421C /* iOS-App-1-2Tests.xctest */,
				5AD061A72B46F7440080421C /* iOS-App-1-2UITests.xctest */,
			);
			name = Products;
			sourceTree = "<group>";
		};
		5AD0618F2B46F7430080421C /* iOS-App-1-2 */ = {
			isa = PBXGroup;
			children = (
				5AD061902B46F7430080421C /* iOS_App_1_2App.swift */,
				5AD061922B46F7430080421C /* ContentView.swift */,
				5AD061942B46F7440080421C /* Assets.xcassets */,
				5AD061962B46F7440080421C /* Preview Content */,
			);
			path = "iOS-App-1-2";
			sourceTree = "<group>";
		};
		5AD061962B46F7440080421C /* Preview Content */ = {
			isa = PBXGroup;
			children = (
				5AD061972B46F7440080421C /* Preview Assets.xcassets */,
			);
			path = "Preview Content";
			sourceTree = "<group>";
		};
		5AD061A02B46F7440080421C /* iOS-App-1-2Tests */ = {
			isa = PBXGroup;
			children = (
				5AD061A12B46F7440080421C /* iOS_App_1_2Tests.swift */,
			);
			path = "iOS-App-1-2Tests";
			sourceTree = "<group>";
		};
		5AD061AA2B46F7440080421C /* iOS-App-1-2UITests */ = {
			isa = PBXGroup;
			children = (
				5AD061AB2B46F7440080421C /* iOS_App_1_2UITests.swift */,
				5AD061AD2B46F7440080421C /* iOS_App_1_2UITestsLaunchTests.swift */,
			);
			path = "iOS-App-1-2UITests";
			sourceTree = "<group>";
		};
/* End PBXGroup section */

/* Begin PBXNativeTarget section */
		5AD0618C2B46F7430080421C /* iOS-App-1-2 */ = {
			isa = PBXNativeTarget;
			buildConfigurationList = 5AD061B12B46F7440080421C /* Build configuration list for PBXNativeTarget "iOS-App-1-2" */;
			buildPhases = (
				5AD061892B46F7430080421C /* Sources */,
				5AD0618A2B46F7430080421C /* Frameworks */,
				5AD0618B2B46F7430080421C /* Resources */,
			);
			buildRules = (
			);
			dependencies = (
			);
			name = "iOS-App-1-2";
			productName = "iOS-App-1-2";
			productReference = 5AD0618D2B46F7430080421C /* iOS-App-1-2.app */;
			productType = "com.apple.product-type.application";
		};
		5AD0619C2B46F7440080421C /* iOS-App-1-2Tests */ = {
			isa = PBXNativeTarget;
			buildConfigurationList = 5AD061B42B46F7440080421C /* Build configuration list for PBXNativeTarget "iOS-App-1-2Tests" */;
			buildPhases = (
				5AD061992B46F7440080421C /* Sources */,
				5AD0619A2B46F7440080421C /* Frameworks */,
				5AD0619B2B46F7440080421C /* Resources */,
			);
			buildRules = (
			);
			dependencies = (
				5AD0619F2B46F7440080421C /* PBXTargetDependency */,
			);
			name = "iOS-App-1-2Tests";
			productName = "iOS-App-1-2Tests";
			productReference = 5AD0619D2B46F7440080421C /* iOS-App-1-2Tests.xctest */;
			productType = "com.apple.product-type.bundle.unit-test";
		};
		5AD061A62B46F7440080421C /* iOS-App-1-2UITests */ = {
			isa = PBXNativeTarget;
			buildConfigurationList = 5AD061B72B46F7440080421C /* Build configuration list for PBXNativeTarget "iOS-App-1-2UITests" */;
			buildPhases = (
				5AD061A32B46F7440080421C /* Sources */,
				5AD061A42B46F7440080421C /* Frameworks */,
				5AD061A52B46F7440080421C /* Resources */,
			);
			buildRules = (
			);
			dependencies = (
				5AD061A92B46F7440080421C /* PBXTargetDependency */,
			);
			name = "iOS-App-1-2UITests";
			productName = "iOS-App-1-2UITests";
			productReference = 5AD061A72B46F7440080421C /* iOS-App-1-2UITests.xctest */;
			productType = "com.apple.product-type.bundle.ui-testing";
		};
/* End PBXNativeTarget section */

/* Begin PBXProject section */
		5AD061852B46F7430080421C /* Project object */ = {
			isa = PBXProject;
			attributes = {
				BuildIndependentTargetsInParallel = 1;
				LastSwiftUpdateCheck = 1510;
				LastUpgradeCheck = 1510;
				TargetAttributes = {
					5AD0618C2B46F7430080421C = {
						CreatedOnToolsVersion = 15.1;
					};
					5AD0619C2B46F7440080421C = {
						CreatedOnToolsVersion = 15.1;
						TestTargetID = 5AD0618C2B46F7430080421C;
					};
					5AD061A62B46F7440080421C = {
						CreatedOnToolsVersion = 15.1;
						TestTargetID = 5AD0618C2B46F7430080421C;
					};
				};
			};
			buildConfigurationList = 5AD061882B46F7430080421C /* Build configuration list for PBXProject "iOS-App-1-2" */;
			compatibilityVersion = "Xcode 14.0";
			developmentRegion = en;
			hasScannedForEncodings = 0;
			knownRegions = (
				en,
				Base,
			);
			mainGroup = 5AD061842B46F7430080421C;
			productRefGroup = 5AD0618E2B46F7430080421C /* Products */;
			projectDirPath = "";
			projectRoot = "";
			targets = (
				5AD0618C2B46F7430080421C /* iOS-App-1-2 */,
				5AD0619C2B46F7440080421C /* iOS-App-1-2Tests */,
				5AD061A62B46F7440080421C /* iOS-App-1-2UITests */,
			);
		};
/* End PBXProject section */

/* Begin PBXResourcesBuildPhase section */
		5AD0618B2B46F7430080421C /* Resources */ = {
			isa = PBXResourcesBuildPhase;
			buildActionMask = 2147483647;
			files = (
				5AD061982B46F7440080421C /* Preview Assets.xcassets in Resources */,
				5AD061952B46F7440080421C /* Assets.xcassets in Resources */,
			);
			runOnlyForDeploymentPostprocessing = 0;
		};
		5AD0619B2B46F7440080421C /* Resources */ = {
			isa = PBXResourcesBuildPhase;
			buildActionMask = 2147483647;
			files = (
			);
			runOnlyForDeploymentPostprocessing = 0;
		};
		5AD061A52B46F7440080421C /* Resources */ = {
			isa = PBXResourcesBuildPhase;
			buildActionMask = 2147483647;
			files = (
			);
			runOnlyForDeploymentPostprocessing = 0;
		};
/* End PBXResourcesBuildPhase section */

/* Begin PBXSourcesBuildPhase section */
		5AD061892B46F7430080421C /* Sources */ = {
			isa = PBXSourcesBuildPhase;
			buildActionMask = 2147483647;
			files = (
				5AD061932B46F7430080421C /* ContentView.swift in Sources */,
				5AD061912B46F7430080421C /* iOS_App_1_2App.swift in Sources */,
			);
			runOnlyForDeploymentPostprocessing = 0;
		};
		5AD061992B46F7440080421C /* Sources */ = {
			isa = PBXSourcesBuildPhase;
			buildActionMask = 2147483647;
			files = (
				5AD061A22B46F7440080421C /* iOS_App_1_2Tests.swift in Sources */,
			);
			runOnlyForDeploymentPostprocessing = 0;
		};
		5AD061A32B46F7440080421C /* Sources */ = {
			isa = PBXSourcesBuildPhase;
			buildActionMask = 2147483647;
			files = (
				5AD061AC2B46F7440080421C /* iOS_App_1_2UITests.swift in Sources */,
				5AD061AE2B46F7440080421C /* iOS_App_1_2UITestsLaunchTests.swift in Sources */,
			);
			runOnlyForDeploymentPostprocessing = 0;
		};
/* End PBXSourcesBuildPhase section */

/* Begin PBXTargetDependency section */
		5AD0619F2B46F7440080421C /* PBXTargetDependency */ = {
			isa = PBXTargetDependency;
			target = 5AD0618C2B46F7430080421C /* iOS-App-1-2 */;
			targetProxy = 5AD0619E2B46F7440080421C /* PBXContainerItemProxy */;
		};
		5AD061A92B46F7440080421C /* PBXTargetDependency */ = {
			isa = PBXTargetDependency;
			target = 5AD0618C2B46F7430080421C /* iOS-App-1-2 */;
			targetProxy = 5AD061A82B46F7440080421C /* PBXContainerItemProxy */;
		};
/* End PBXTargetDependency section */

/* Begin XCBuildConfiguration section */
		5AD061AF2B46F7440080421C /* Debug */ = {
			isa = XCBuildConfiguration;
			buildSettings = {
				ALWAYS_SEARCH_USER_PATHS = NO;
				ASSETCATALOG_COMPILER_GENERATE_SWIFT_ASSET_SYMBOL_EXTENSIONS = YES;
				CLANG_ANALYZER_NONNULL = YES;
				CLANG_ANALYZER_NUMBER_OBJECT_CONVERSION = YES_AGGRESSIVE;
				CLANG_CXX_LANGUAGE_STANDARD = "gnu++20";
				CLANG_ENABLE_MODULES = YES;
				CLANG_ENABLE_OBJC_ARC = YES;
				CLANG_ENABLE_OBJC_WEAK = YES;
				CLANG_WARN_BLOCK_CAPTURE_AUTORELEASING = YES;
				CLANG_WARN_BOOL_CONVERSION = YES;
				CLANG_WARN_COMMA = YES;
				CLANG_WARN_CONSTANT_CONVERSION = YES;
				CLANG_WARN_DEPRECATED_OBJC_IMPLEMENTATIONS = YES;
				CLANG_WARN_DIRECT_OBJC_ISA_USAGE = YES_ERROR;
				CLANG_WARN_DOCUMENTATION_COMMENTS = YES;
				CLANG_WARN_EMPTY_BODY = YES;
				CLANG_WARN_ENUM_CONVERSION = YES;
				CLANG_WARN_INFINITE_RECURSION = YES;
				CLANG_WARN_INT_CONVERSION = YES;
				CLANG_WARN_NON_LITERAL_NULL_CONVERSION = YES;
				CLANG_WARN_OBJC_IMPLICIT_RETAIN_SELF = YES;
				CLANG_WARN_OBJC_LITERAL_CONVERSION = YES;
				CLANG_WARN_OBJC_ROOT_CLASS = YES_ERROR;
				CLANG_WARN_QUOTED_INCLUDE_IN_FRAMEWORK_HEADER = YES;
				CLANG_WARN_RANGE_LOOP_ANALYSIS = YES;
				CLANG_WARN_STRICT_PROTOTYPES = YES;
				CLANG_WARN_SUSPICIOUS_MOVE = YES;
				CLANG_WARN_UNGUARDED_AVAILABILITY = YES_AGGRESSIVE;
				CLANG_WARN_UNREACHABLE_CODE = YES;
				CLANG_WARN__DUPLICATE_METHOD_MATCH = YES;
				COPY_PHASE_STRIP = NO;
				DEBUG_INFORMATION_FORMAT = dwarf;
				ENABLE_STRICT_OBJC_MSGSEND = YES;
				ENABLE_TESTABILITY = YES;
				ENABLE_USER_SCRIPT_SANDBOXING = YES;
				GCC_C_LANGUAGE_STANDARD = gnu17;
				GCC_DYNAMIC_NO_PIC = NO;
				GCC_NO_COMMON_BLOCKS = YES;
				GCC_OPTIMIZATION_LEVEL = 0;
				GCC_PREPROCESSOR_DEFINITIONS = (
					"DEBUG=1",
					"$(inherited)",
				);
				GCC_WARN_64_TO_32_BIT_CONVERSION = YES;
				GCC_WARN_ABOUT_RETURN_TYPE = YES_ERROR;
				GCC_WARN_UNDECLARED_SELECTOR = YES;
				GCC_WARN_UNINITIALIZED_AUTOS = YES_AGGRESSIVE;
				GCC_WARN_UNUSED_FUNCTION = YES;
				GCC_WARN_UNUSED_VARIABLE = YES;
				IPHONEOS_DEPLOYMENT_TARGET = 17.2;
				LOCALIZATION_PREFERS_STRING_CATALOGS = YES;
				MTL_ENABLE_DEBUG_INFO = INCLUDE_SOURCE;
				MTL_FAST_MATH = YES;
				ONLY_ACTIVE_ARCH = YES;
				SDKROOT = iphoneos;
				SWIFT_ACTIVE_COMPILATION_CONDITIONS = "DEBUG $(inherited)";
				SWIFT_OPTIMIZATION_LEVEL = "-Onone";
			};
			name = Debug;
		};
		5AD061B02B46F7440080421C /* Release */ = {
			isa = XCBuildConfiguration;
			buildSettings = {
				ALWAYS_SEARCH_USER_PATHS = NO;
				ASSETCATALOG_COMPILER_GENERATE_SWIFT_ASSET_SYMBOL_EXTENSIONS = YES;
				CLANG_ANALYZER_NONNULL = YES;
				CLANG_ANALYZER_NUMBER_OBJECT_CONVERSION = YES_AGGRESSIVE;
				CLANG_CXX_LANGUAGE_STANDARD = "gnu++20";
				CLANG_ENABLE_MODULES = YES;
				CLANG_ENABLE_OBJC_ARC = YES;
				CLANG_ENABLE_OBJC_WEAK = YES;
				CLANG_WARN_BLOCK_CAPTURE_AUTORELEASING = YES;
				CLANG_WARN_BOOL_CONVERSION = YES;
				CLANG_WARN_COMMA = YES;
				CLANG_WARN_CONSTANT_CONVERSION = YES;
				CLANG_WARN_DEPRECATED_OBJC_IMPLEMENTATIONS = YES;
				CLANG_WARN_DIRECT_OBJC_ISA_USAGE = YES_ERROR;
				CLANG_WARN_DOCUMENTATION_COMMENTS = YES;
				CLANG_WARN_EMPTY_BODY = YES;
				CLANG_WARN_ENUM_CONVERSION = YES;
				CLANG_WARN_INFINITE_RECURSION = YES;
				CLANG_WARN_INT_CONVERSION = YES;
				CLANG_WARN_NON_LITERAL_NULL_CONVERSION = YES;
				CLANG_WARN_OBJC_IMPLICIT_RETAIN_SELF = YES;
				CLANG_WARN_OBJC_LITERAL_CONVERSION = YES;
				CLANG_WARN_OBJC_ROOT_CLASS = YES_ERROR;
				CLANG_WARN_QUOTED_INCLUDE_IN_FRAMEWORK_HEADER = YES;
				CLANG_WARN_RANGE_LOOP_ANALYSIS = YES;
				CLANG_WARN_STRICT_PROTOTYPES = YES;
				CLANG_WARN_SUSPICIOUS_MOVE = YES;
				CLANG_WARN_UNGUARDED_AVAILABILITY = YES_AGGRESSIVE;
				CLANG_WARN_UNREACHABLE_CODE = YES;
				CLANG_WARN__DUPLICATE_METHOD_MATCH = YES;
				COPY_PHASE_STRIP = NO;
				DEBUG_INFORMATION_FORMAT = "dwarf-with-dsym";
				ENABLE_NS_ASSERTIONS = NO;
				ENABLE_STRICT_OBJC_MSGSEND = YES;
				ENABLE_USER_SCRIPT_SANDBOXING = YES;
				GCC_C_LANGUAGE_STANDARD = gnu17;
				GCC_NO_COMMON_BLOCKS = YES;
				GCC_WARN_64_TO_32_BIT_CONVERSION = YES;
				GCC_WARN_ABOUT_RETURN_TYPE = YES_ERROR;
				GCC_WARN_UNDECLARED_SELECTOR = YES;
				GCC_WARN_UNINITIALIZED_AUTOS = YES_AGGRESSIVE;
				GCC_WARN_UNUSED_FUNCTION = YES;
				GCC_WARN_UNUSED_VARIABLE = YES;
				IPHONEOS_DEPLOYMENT_TARGET = 17.2;
				LOCALIZATION_PREFERS_STRING_CATALOGS = YES;
				MTL_ENABLE_DEBUG_INFO = NO;
				MTL_FAST_MATH = YES;
				SDKROOT = iphoneos;
				SWIFT_COMPILATION_MODE = wholemodule;
				VALIDATE_PRODUCT = YES;
			};
			name = Release;
		};
		5AD061B22B46F7440080421C /* Debug */ = {
			isa = XCBuildConfiguration;
			buildSettings = {
				ASSETCATALOG_COMPILER_APPICON_NAME = AppIcon;
				ASSETCATALOG_COMPILER_GLOBAL_ACCENT_COLOR_NAME = AccentColor;
				CODE_SIGN_STYLE = Automatic;
				CURRENT_PROJECT_VERSION = 1;
				DEVELOPMENT_ASSET_PATHS = "\"iOS-App-1-2/Preview Content\"";
				DEVELOPMENT_TEAM = BKAT2D5R2Z;
				ENABLE_PREVIEWS = YES;
				GENERATE_INFOPLIST_FILE = YES;
				INFOPLIST_KEY_UIApplicationSceneManifest_Generation = YES;
				INFOPLIST_KEY_UIApplicationSupportsIndirectInputEvents = YES;
				INFOPLIST_KEY_UILaunchScreen_Generation = YES;
				INFOPLIST_KEY_UISupportedInterfaceOrientations_iPad = "UIInterfaceOrientationPortrait UIInterfaceOrientationPortraitUpsideDown UIInterfaceOrientationLandscapeLeft UIInterfaceOrientationLandscapeRight";
				INFOPLIST_KEY_UISupportedInterfaceOrientations_iPhone = "UIInterfaceOrientationPortrait UIInterfaceOrientationLandscapeLeft UIInterfaceOrientationLandscapeRight";
				LD_RUNPATH_SEARCH_PATHS = (
					"$(inherited)",
					"@executable_path/Frameworks",
				);
				MARKETING_VERSION = 1.0;
				PRODUCT_BUNDLE_IDENTIFIER = "dev-ushita.iOS-App-1-2";
				PRODUCT_NAME = "$(TARGET_NAME)";
				SWIFT_EMIT_LOC_STRINGS = YES;
				SWIFT_VERSION = 5.0;
				TARGETED_DEVICE_FAMILY = "1,2";
			};
			name = Debug;
		};
		5AD061B32B46F7440080421C /* Release */ = {
			isa = XCBuildConfiguration;
			buildSettings = {
				ASSETCATALOG_COMPILER_APPICON_NAME = AppIcon;
				ASSETCATALOG_COMPILER_GLOBAL_ACCENT_COLOR_NAME = AccentColor;
				CODE_SIGN_STYLE = Automatic;
				CURRENT_PROJECT_VERSION = 1;
				DEVELOPMENT_ASSET_PATHS = "\"iOS-App-1-2/Preview Content\"";
				DEVELOPMENT_TEAM = BKAT2D5R2Z;
				ENABLE_PREVIEWS = YES;
				GENERATE_INFOPLIST_FILE = YES;
				INFOPLIST_KEY_UIApplicationSceneManifest_Generation = YES;
				INFOPLIST_KEY_UIApplicationSupportsIndirectInputEvents = YES;
				INFOPLIST_KEY_UILaunchScreen_Generation = YES;
				INFOPLIST_KEY_UISupportedInterfaceOrientations_iPad = "UIInterfaceOrientationPortrait UIInterfaceOrientationPortraitUpsideDown UIInterfaceOrientationLandscapeLeft UIInterfaceOrientationLandscapeRight";
				INFOPLIST_KEY_UISupportedInterfaceOrientations_iPhone = "UIInterfaceOrientationPortrait UIInterfaceOrientationLandscapeLeft UIInterfaceOrientationLandscapeRight";
				LD_RUNPATH_SEARCH_PATHS = (
					"$(inherited)",
					"@executable_path/Frameworks",
				);
				MARKETING_VERSION = 1.0;
				PRODUCT_BUNDLE_IDENTIFIER = "dev-ushita.iOS-App-1-2";
				PRODUCT_NAME = "$(TARGET_NAME)";
				SWIFT_EMIT_LOC_STRINGS = YES;
				SWIFT_VERSION = 5.0;
				TARGETED_DEVICE_FAMILY = "1,2";
			};
			name = Release;
		};
		5AD061B52B46F7440080421C /* Debug */ = {
			isa = XCBuildConfiguration;
			buildSettings = {
				ALWAYS_EMBED_SWIFT_STANDARD_LIBRARIES = YES;
				BUNDLE_LOADER = "$(TEST_HOST)";
				CODE_SIGN_STYLE = Automatic;
				CURRENT_PROJECT_VERSION = 1;
				GENERATE_INFOPLIST_FILE = YES;
				IPHONEOS_DEPLOYMENT_TARGET = 17.2;
				MARKETING_VERSION = 1.0;
				PRODUCT_BUNDLE_IDENTIFIER = "dev-ushita.iOS-App-1-2Tests";
				PRODUCT_NAME = "$(TARGET_NAME)";
				SWIFT_EMIT_LOC_STRINGS = NO;
				SWIFT_VERSION = 5.0;
				TARGETED_DEVICE_FAMILY = "1,2";
				TEST_HOST = "$(BUILT_PRODUCTS_DIR)/iOS-App-1-2.app/$(BUNDLE_EXECUTABLE_FOLDER_PATH)/iOS-App-1-2";
			};
			name = Debug;
		};
		5AD061B62B46F7440080421C /* Release */ = {
			isa = XCBuildConfiguration;
			buildSettings = {
				ALWAYS_EMBED_SWIFT_STANDARD_LIBRARIES = YES;
				BUNDLE_LOADER = "$(TEST_HOST)";
				CODE_SIGN_STYLE = Automatic;
				CURRENT_PROJECT_VERSION = 1;
				GENERATE_INFOPLIST_FILE = YES;
				IPHONEOS_DEPLOYMENT_TARGET = 17.2;
				MARKETING_VERSION = 1.0;
				PRODUCT_BUNDLE_IDENTIFIER = "dev-ushita.iOS-App-1-2Tests";
				PRODUCT_NAME = "$(TARGET_NAME)";
				SWIFT_EMIT_LOC_STRINGS = NO;
				SWIFT_VERSION = 5.0;
				TARGETED_DEVICE_FAMILY = "1,2";
				TEST_HOST = "$(BUILT_PRODUCTS_DIR)/iOS-App-1-2.app/$(BUNDLE_EXECUTABLE_FOLDER_PATH)/iOS-App-1-2";
			};
			name = Release;
		};
		5AD061B82B46F7440080421C /* Debug */ = {
			isa = XCBuildConfiguration;
			buildSettings = {
				ALWAYS_EMBED_SWIFT_STANDARD_LIBRARIES = YES;
				CODE_SIGN_STYLE = Automatic;
				CURRENT_PROJECT_VERSION = 1;
				GENERATE_INFOPLIST_FILE = YES;
				MARKETING_VERSION = 1.0;
				PRODUCT_BUNDLE_IDENTIFIER = "dev-ushita.iOS-App-1-2UITests";
				PRODUCT_NAME = "$(TARGET_NAME)";
				SWIFT_EMIT_LOC_STRINGS = NO;
				SWIFT_VERSION = 5.0;
				TARGETED_DEVICE_FAMILY = "1,2";
				TEST_TARGET_NAME = "iOS-App-1-2";
			};
			name = Debug;
		};
		5AD061B92B46F7440080421C /* Release */ = {
			isa = XCBuildConfiguration;
			buildSettings = {
				ALWAYS_EMBED_SWIFT_STANDARD_LIBRARIES = YES;
				CODE_SIGN_STYLE = Automatic;
				CURRENT_PROJECT_VERSION = 1;
				GENERATE_INFOPLIST_FILE = YES;
				MARKETING_VERSION = 1.0;
				PRODUCT_BUNDLE_IDENTIFIER = "dev-ushita.iOS-App-1-2UITests";
				PRODUCT_NAME = "$(TARGET_NAME)";
				SWIFT_EMIT_LOC_STRINGS = NO;
				SWIFT_VERSION = 5.0;
				TARGETED_DEVICE_FAMILY = "1,2";
				TEST_TARGET_NAME = "iOS-App-1-2";
			};
			name = Release;
		};
/* End XCBuildConfiguration section */

/* Begin XCConfigurationList section */
		5AD061882B46F7430080421C /* Build configuration list for PBXProject "iOS-App-1-2" */ = {
			isa = XCConfigurationList;
			buildConfigurations = (
				5AD061AF2B46F7440080421C /* Debug */,
				5AD061B02B46F7440080421C /* Release */,
			);
			defaultConfigurationIsVisible = 0;
			defaultConfigurationName = Release;
		};
		5AD061B12B46F7440080421C /* Build configuration list for PBXNativeTarget "iOS-App-1-2" */ = {
			isa = XCConfigurationList;
			buildConfigurations = (
				5AD061B22B46F7440080421C /* Debug */,
				5AD061B32B46F7440080421C /* Release */,
			);
			defaultConfigurationIsVisible = 0;
			defaultConfigurationName = Release;
		};
		5AD061B42B46F7440080421C /* Build configuration list for PBXNativeTarget "iOS-App-1-2Tests" */ = {
			isa = XCConfigurationList;
			buildConfigurations = (
				5AD061B52B46F7440080421C /* Debug */,
				5AD061B62B46F7440080421C /* Release */,
			);
			defaultConfigurationIsVisible = 0;
			defaultConfigurationName = Release;
		};
		5AD061B72B46F7440080421C /* Build configuration list for PBXNativeTarget "iOS-App-1-2UITests" */ = {
			isa = XCConfigurationList;
			buildConfigurations = (
				5AD061B82B46F7440080421C /* Debug */,
				5AD061B92B46F7440080421C /* Release */,
			);
			defaultConfigurationIsVisible = 0;
			defaultConfigurationName = Release;
		};
/* End XCConfigurationList section */
	};
	rootObject = 5AD061852B46F7430080421C /* Project object */;
}
